
Microsoft Visual Studio Solution File, Format Version 12.00
# Visual Studio 15
VisualStudioVersion = 15.0.28307.136
MinimumVisualStudioVersion = 10.0.40219.1
Project("{9A19103F-16F7-4668-BE54-9A1E7A4F7556}") = "UI.Console", "UI.Console\UI.Console.csproj", "{9C1BCF10-E735-4E17-8EEC-98116B37E485}"
EndProject
Project("{FAE04EC0-301F-11D3-BF4B-00C04F79EFBC}") = "Data", "Data\Data.csproj", "{337E513A-4A8C-41B1-B9BE-62E03A228DDF}"
EndProject
Project("{FAE04EC0-301F-11D3-BF4B-00C04F79EFBC}") = "Core", "Core\Core.csproj", "{9FD70113-CFC0-4504-B3C5-991465F17FE8}"
EndProject
Global
	GlobalSection(SolutionConfigurationPlatforms) = preSolution
		Debug|Any CPU = Debug|Any CPU
		Release|Any CPU = Release|Any CPU
	EndGlobalSection
	GlobalSection(ProjectConfigurationPlatforms) = postSolution
		{9C1BCF10-E735-4E17-8EEC-98116B37E485}.Debug|Any CPU.ActiveCfg = Debug|Any CPU
		{9C1BCF10-E735-4E17-8EEC-98116B37E485}.Debug|Any CPU.Build.0 = Debug|Any CPU
		{9C1BCF10-E735-4E17-8EEC-98116B37E485}.Release|Any CPU.ActiveCfg = Release|Any CPU
		{9C1BCF10-E735-4E17-8EEC-98116B37E485}.Release|Any CPU.Build.0 = Release|Any CPU
		{337E513A-4A8C-41B1-B9BE-62E03A228DDF}.Debug|Any CPU.ActiveCfg = Debug|Any CPU
		{337E513A-4A8C-41B1-B9BE-62E03A228DDF}.Debug|Any CPU.Build.0 = Debug|Any CPU
		{337E513A-4A8C-41B1-B9BE-62E03A228DDF}.Release|Any CPU.ActiveCfg = Release|Any CPU
		{337E513A-4A8C-41B1-B9BE-62E03A228DDF}.Release|Any CPU.Build.0 = Release|Any CPU
		{9FD70113-CFC0-4504-B3C5-991465F17FE8}.Debug|Any CPU.ActiveCfg = Debug|Any CPU
		{9FD70113-CFC0-4504-B3C5-991465F17FE8}.Debug|Any CPU.Build.0 = Debug|Any CPU
		{9FD70113-CFC0-4504-B3C5-991465F17FE8}.Release|Any CPU.ActiveCfg = Release|Any CPU
		{9FD70113-CFC0-4504-B3C5-991465F17FE8}.Release|Any CPU.Build.0 = Release|Any CPU
	EndGlobalSection
	GlobalSection(SolutionProperties) = preSolution
		HideSolutionNode = FALSE
	EndGlobalSection
	GlobalSection(ExtensibilityGlobals) = postSolution
		SolutionGuid = {D0F147E4-F59F-400A-831D-435FD69EA75B}
	EndGlobalSection
EndGlobal
